github.com/mattn/go-sqlite3 v1.6.0 h1:TDwTWbeII+88Qy55nWlof0DclgAtI4LqGujkYMzmQII=
github.com/mattn/go-sqlite3 v1.6.0/go.mod h1:FPy6KqzDD04eiIsT53CuJW3U88zkxoIYsOqkbpncsNc=
go.uber.org/dig v1.3.0 h1:YRSeZeFfY/5zf0F0+9+Y1rEAZ4j7viDHQxuu29dgcNQ=
go.uber.org/dig v1.3.0/go.mod h1:z+dSd2TP9Usi48jL8M3v63iSBVkiwtVyMKxMZYYauPg=
